PODS:
  - Bundles (0.1.0)
  - Nimble (7.3.4)
  - Quick (1.2.0)

DEPENDENCIES:
  - Bundles (from `../`)
  - Nimble (~> 7.0)
  - Quick (~> 1.2.0)

SPEC REPOS:
  trunk:
    - Nimble
    - Quick

EXTERNAL SOURCES:
  Bundles:
    :path: "../"

SPEC CHECKSUMS:
  Bundles: d06c7d538b877d7733589e75c4d2df2e09039ce4
  Nimble: 051e3d8912d40138fa5591c78594f95fb172af37
  Quick: 58d203b1c5e27fff7229c4c1ae445ad7069a7a08

PODFILE CHECKSUM: b4eb248a7d1594d4ec350c55b83fb8bd7cba45f6

COCOAPODS: 1.9.1
