PODS:
  - Bundles (0.1.0)
  - Nimble (8.0.5)
  - Quick (2.2.0)

DEPENDENCIES:
  - Bundles (from `../`)
  - Nimble (~> 8.0.5)
  - Quick (~> 2.2.0)

SPEC REPOS:
  trunk:
    - Nimble
    - Quick

EXTERNAL SOURCES:
  Bundles:
    :path: "../"

SPEC CHECKSUMS:
  Bundles: 41066a3693c19153b56f42c0d3966a4215edfa34
  Nimble: 4ab1aeb9b45553c75b9687196b0fa0713170a332
  Quick: 7fb19e13be07b5dfb3b90d4f9824c855a11af40e

PODFILE CHECKSUM: aed8a6e22f0b8c36eda37e7d610c7f68ea852ba4

COCOAPODS: 1.9.1
