PODS:
  - Bundles (0.1.0)
  - Nimble (8.0.5)
  - Quick (2.2.0)

DEPENDENCIES:
  - Bundles (from `../`)
  - Nimble (~> 8.0.5)
  - Quick (~> 2.2.0)

SPEC REPOS:
  trunk:
    - Nimble
    - Quick

EXTERNAL SOURCES:
  Bundles:
    :path: "../"

SPEC CHECKSUMS:
  Bundles: 48cd4240b88879861eec35aa4adcfb5b4ee4ae87
  Nimble: 4ab1aeb9b45553c75b9687196b0fa0713170a332
  Quick: 7fb19e13be07b5dfb3b90d4f9824c855a11af40e

PODFILE CHECKSUM: dca2f9a2cd2860ae101abd8ebed1a76be8d4ec1f

COCOAPODS: 1.9.1
